
Microsoft Visual Studio Solution File, Format Version 11.00
# Visual Studio 2010
Project("{FAE04EC0-301F-11D3-BF4B-00C04F79EFBC}") = "Assembly-CSharp", "Assembly-CSharp.csproj", "{FFF2D822-D8FD-A563-DEC2-62BFCD226BFB}"
EndProject
Global
	GlobalSection(SolutionConfigurationPlatforms) = preSolution
		Debug|Any CPU = Debug|Any CPU
		Release|Any CPU = Release|Any CPU
	EndGlobalSection
	GlobalSection(ProjectConfigurationPlatforms) = postSolution
		{FFF2D822-D8FD-A563-DEC2-62BFCD226BFB}.Debug|Any CPU.ActiveCfg = Debug|Any CPU
		{FFF2D822-D8FD-A563-DEC2-62BFCD226BFB}.Debug|Any CPU.Build.0 = Debug|Any CPU
		{FFF2D822-D8FD-A563-DEC2-62BFCD226BFB}.Release|Any CPU.ActiveCfg = Release|Any CPU
		{FFF2D822-D8FD-A563-DEC2-62BFCD226BFB}.Release|Any CPU.Build.0 = Release|Any CPU
	EndGlobalSection
	GlobalSection(SolutionProperties) = preSolution
		HideSolutionNode = FALSE
	EndGlobalSection
EndGlobal
